
Microsoft Visual Studio Solution File, Format Version 12.00
# Visual Studio Version 16
VisualStudioVersion = 16.0.30011.22
MinimumVisualStudioVersion = 10.0.40219.1
Project("{FAE04EC0-301F-11D3-BF4B-00C04F79EFBC}") = "EF_MAJ_CHAMPIONNAT", "EF_MAJ_CHAMPIONNAT\EF_MAJ_CHAMPIONNAT.csproj", "{252E53FB-AA69-4933-98D4-B015D72CB7A1}"
EndProject
Global
	GlobalSection(SolutionConfigurationPlatforms) = preSolution
		Debug|Any CPU = Debug|Any CPU
		Release|Any CPU = Release|Any CPU
	EndGlobalSection
	GlobalSection(ProjectConfigurationPlatforms) = postSolution
		{252E53FB-AA69-4933-98D4-B015D72CB7A1}.Debug|Any CPU.ActiveCfg = Debug|Any CPU
		{252E53FB-AA69-4933-98D4-B015D72CB7A1}.Debug|Any CPU.Build.0 = Debug|Any CPU
		{252E53FB-AA69-4933-98D4-B015D72CB7A1}.Release|Any CPU.ActiveCfg = Release|Any CPU
		{252E53FB-AA69-4933-98D4-B015D72CB7A1}.Release|Any CPU.Build.0 = Release|Any CPU
	EndGlobalSection
	GlobalSection(SolutionProperties) = preSolution
		HideSolutionNode = FALSE
	EndGlobalSection
	GlobalSection(ExtensibilityGlobals) = postSolution
		SolutionGuid = {6AA35059-6F53-42B8-AC6E-1627818DA751}
	EndGlobalSection
EndGlobal
